
Microsoft Visual Studio Solution File, Format Version 12.00
# Visual Studio 15
VisualStudioVersion = 15.0.28307.329
MinimumVisualStudioVersion = 10.0.40219.1
Project("{8BC9CEB8-8B4A-11D0-8D11-00A0C91BC942}") = "RZUtilityLib", "RZUtilityLib\RZUtilityLib.vcxproj", "{55735495-7D6E-4418-B0CB-FD761AEBCC36}"
EndProject
Project("{8BC9CEB8-8B4A-11D0-8D11-00A0C91BC942}") = "RZCore", "RZCore\RZCore.vcxproj", "{5188C54D-2339-403A-9B13-9932A9DEF003}"
EndProject
Project("{8BC9CEB8-8B4A-11D0-8D11-00A0C91BC942}") = "RZCore-UnitTest", "RZCore-UnitTest\RZCore-UnitTest.vcxproj", "{AC7D1FE0-3E8F-4064-86AF-081795EA670E}"
EndProject
Project("{8BC9CEB8-8B4A-11D0-8D11-00A0C91BC942}") = "RZDirectXAPI", "RZDirectXAPI\RZDirectXAPI.vcxproj", "{13831E5B-23BC-45C3-8EF1-6541328A1C38}"
EndProject
Project("{8BC9CEB8-8B4A-11D0-8D11-00A0C91BC942}") = "RZUtilityLib-UnitTest2", "RZUtilityLib-UnitTest2\RZUtilityLib-UnitTest2.vcxproj", "{344DF09A-A0AF-40BF-8074-69D9D1A5621B}"
	ProjectSection(ProjectDependencies) = postProject
		{55735495-7D6E-4418-B0CB-FD761AEBCC36} = {55735495-7D6E-4418-B0CB-FD761AEBCC36}
	EndProjectSection
EndProject
Project("{8BC9CEB8-8B4A-11D0-8D11-00A0C91BC942}") = "RZEngine", "RZEngine\RZEngine.vcxproj", "{18F0EAF3-B122-4C92-BF32-2F2AFF22D15F}"
EndProject
Project("{8BC9CEB8-8B4A-11D0-8D11-00A0C91BC942}") = "RZEngine-UnitTest", "RZEngine-UnitTest\RZEngine-UnitTest.vcxproj", "{AE5D1A0E-D332-4351-8110-E293464347F9}"
	ProjectSection(ProjectDependencies) = postProject
		{AB388F04-FEFB-4455-BD57-F321B4AA9D15} = {AB388F04-FEFB-4455-BD57-F321B4AA9D15}
		{5188C54D-2339-403A-9B13-9932A9DEF003} = {5188C54D-2339-403A-9B13-9932A9DEF003}
		{13831E5B-23BC-45C3-8EF1-6541328A1C38} = {13831E5B-23BC-45C3-8EF1-6541328A1C38}
		{55735495-7D6E-4418-B0CB-FD761AEBCC36} = {55735495-7D6E-4418-B0CB-FD761AEBCC36}
		{35DF01A6-BF02-495C-AC45-A8BDEBD3DC35} = {35DF01A6-BF02-495C-AC45-A8BDEBD3DC35}
		{4132E2CB-E3A6-4D31-BFF4-A1789F54C52A} = {4132E2CB-E3A6-4D31-BFF4-A1789F54C52A}
		{18F0EAF3-B122-4C92-BF32-2F2AFF22D15F} = {18F0EAF3-B122-4C92-BF32-2F2AFF22D15F}
	EndProjectSection
EndProject
Project("{8BC9CEB8-8B4A-11D0-8D11-00A0C91BC942}") = "RZDirectInput", "RZDirectInput\RZDirectInput.vcxproj", "{AB388F04-FEFB-4455-BD57-F321B4AA9D15}"
EndProject
Project("{2150E333-8FDC-42A3-9474-1A3956D46DE8}") = "GraphicApi", "GraphicApi", "{24D62CE6-08ED-44B8-981E-A802421D376B}"
EndProject
Project("{2150E333-8FDC-42A3-9474-1A3956D46DE8}") = "InputApi", "InputApi", "{485AD589-DC35-4A80-8714-57D28E3A7D81}"
EndProject
Project("{2150E333-8FDC-42A3-9474-1A3956D46DE8}") = "UnitTests", "UnitTests", "{C23D73A1-13AD-450B-A4B4-351255D0D38F}"
EndProject
Project("{2150E333-8FDC-42A3-9474-1A3956D46DE8}") = "SoundApi", "SoundApi", "{49E65FBF-1D81-4EB6-96AA-97DC14713614}"
EndProject
Project("{8BC9CEB8-8B4A-11D0-8D11-00A0C91BC942}") = "RZfmodSound", "RZfmodSound\RZfmodSound.vcxproj", "{9323AE76-0F7F-4F5B-8083-58AF4C672B30}"
EndProject
Project("{8BC9CEB8-8B4A-11D0-8D11-00A0C91BC942}") = "RZRenderer", "RZRenderer\RZRenderer.vcxproj", "{4132E2CB-E3A6-4D31-BFF4-A1789F54C52A}"
EndProject
Project("{2150E333-8FDC-42A3-9474-1A3956D46DE8}") = "ComputeAPI", "ComputeAPI", "{7F6ACBAC-C623-4449-8476-6AF1D5059F69}"
EndProject
Project("{8BC9CEB8-8B4A-11D0-8D11-00A0C91BC942}") = "RZComputeAPI", "RZComputeAPI\RZComputeAPI.vcxproj", "{58A149C3-97D9-4BF4-8957-C67E938C4DA1}"
EndProject
Project("{8BC9CEB8-8B4A-11D0-8D11-00A0C91BC942}") = "RZVulkanAPI", "RZVulkanAPI\RZVulkanAPI.vcxproj", "{D8086649-B35F-40FF-AD8C-869EEB67A70B}"
EndProject
Project("{8BC9CEB8-8B4A-11D0-8D11-00A0C91BC942}") = "RZVulkanAPI-UnitTest", "RZVulkanAPI-UnitTest\RZVulkanAPI-UnitTest.vcxproj", "{7BBEB7B9-7A0C-4EE5-B260-78C0F8DED98F}"
EndProject
Project("{8BC9CEB8-8B4A-11D0-8D11-00A0C91BC942}") = "RZEditor", "RZEditor\RZEditor.vcxproj", "{35DF01A6-BF02-495C-AC45-A8BDEBD3DC35}"
EndProject
Global
	GlobalSection(SolutionConfigurationPlatforms) = preSolution
		Debug|x64 = Debug|x64
		Debug|x86 = Debug|x86
		Release|x64 = Release|x64
		Release|x86 = Release|x86
	EndGlobalSection
	GlobalSection(ProjectConfigurationPlatforms) = postSolution
		{55735495-7D6E-4418-B0CB-FD761AEBCC36}.Debug|x64.ActiveCfg = Debug|x64
		{55735495-7D6E-4418-B0CB-FD761AEBCC36}.Debug|x64.Build.0 = Debug|x64
		{55735495-7D6E-4418-B0CB-FD761AEBCC36}.Debug|x86.ActiveCfg = Debug|Win32
		{55735495-7D6E-4418-B0CB-FD761AEBCC36}.Debug|x86.Build.0 = Debug|Win32
		{55735495-7D6E-4418-B0CB-FD761AEBCC36}.Release|x64.ActiveCfg = Release|x64
		{55735495-7D6E-4418-B0CB-FD761AEBCC36}.Release|x64.Build.0 = Release|x64
		{55735495-7D6E-4418-B0CB-FD761AEBCC36}.Release|x86.ActiveCfg = Release|Win32
		{55735495-7D6E-4418-B0CB-FD761AEBCC36}.Release|x86.Build.0 = Release|Win32
		{5188C54D-2339-403A-9B13-9932A9DEF003}.Debug|x64.ActiveCfg = Debug|x64
		{5188C54D-2339-403A-9B13-9932A9DEF003}.Debug|x64.Build.0 = Debug|x64
		{5188C54D-2339-403A-9B13-9932A9DEF003}.Debug|x86.ActiveCfg = Debug|Win32
		{5188C54D-2339-403A-9B13-9932A9DEF003}.Debug|x86.Build.0 = Debug|Win32
		{5188C54D-2339-403A-9B13-9932A9DEF003}.Release|x64.ActiveCfg = Release|x64
		{5188C54D-2339-403A-9B13-9932A9DEF003}.Release|x64.Build.0 = Release|x64
		{5188C54D-2339-403A-9B13-9932A9DEF003}.Release|x86.ActiveCfg = Release|Win32
		{5188C54D-2339-403A-9B13-9932A9DEF003}.Release|x86.Build.0 = Release|Win32
		{AC7D1FE0-3E8F-4064-86AF-081795EA670E}.Debug|x64.ActiveCfg = Debug|x64
		{AC7D1FE0-3E8F-4064-86AF-081795EA670E}.Debug|x64.Build.0 = Debug|x64
		{AC7D1FE0-3E8F-4064-86AF-081795EA670E}.Debug|x86.ActiveCfg = Debug|Win32
		{AC7D1FE0-3E8F-4064-86AF-081795EA670E}.Debug|x86.Build.0 = Debug|Win32
		{AC7D1FE0-3E8F-4064-86AF-081795EA670E}.Release|x64.ActiveCfg = Release|x64
		{AC7D1FE0-3E8F-4064-86AF-081795EA670E}.Release|x64.Build.0 = Release|x64
		{AC7D1FE0-3E8F-4064-86AF-081795EA670E}.Release|x64.Deploy.0 = Release|x64
		{AC7D1FE0-3E8F-4064-86AF-081795EA670E}.Release|x86.ActiveCfg = Release|Win32
		{AC7D1FE0-3E8F-4064-86AF-081795EA670E}.Release|x86.Build.0 = Release|Win32
		{13831E5B-23BC-45C3-8EF1-6541328A1C38}.Debug|x64.ActiveCfg = Debug|x64
		{13831E5B-23BC-45C3-8EF1-6541328A1C38}.Debug|x64.Build.0 = Debug|x64
		{13831E5B-23BC-45C3-8EF1-6541328A1C38}.Debug|x86.ActiveCfg = Debug|Win32
		{13831E5B-23BC-45C3-8EF1-6541328A1C38}.Debug|x86.Build.0 = Debug|Win32
		{13831E5B-23BC-45C3-8EF1-6541328A1C38}.Release|x64.ActiveCfg = Release|x64
		{13831E5B-23BC-45C3-8EF1-6541328A1C38}.Release|x64.Build.0 = Release|x64
		{13831E5B-23BC-45C3-8EF1-6541328A1C38}.Release|x64.Deploy.0 = Release|x64
		{13831E5B-23BC-45C3-8EF1-6541328A1C38}.Release|x86.ActiveCfg = Release|Win32
		{13831E5B-23BC-45C3-8EF1-6541328A1C38}.Release|x86.Build.0 = Release|Win32
		{344DF09A-A0AF-40BF-8074-69D9D1A5621B}.Debug|x64.ActiveCfg = Debug|x64
		{344DF09A-A0AF-40BF-8074-69D9D1A5621B}.Debug|x64.Build.0 = Debug|x64
		{344DF09A-A0AF-40BF-8074-69D9D1A5621B}.Debug|x86.ActiveCfg = Debug|Win32
		{344DF09A-A0AF-40BF-8074-69D9D1A5621B}.Debug|x86.Build.0 = Debug|Win32
		{344DF09A-A0AF-40BF-8074-69D9D1A5621B}.Release|x64.ActiveCfg = Release|x64
		{344DF09A-A0AF-40BF-8074-69D9D1A5621B}.Release|x64.Build.0 = Release|x64
		{344DF09A-A0AF-40BF-8074-69D9D1A5621B}.Release|x86.ActiveCfg = Release|Win32
		{344DF09A-A0AF-40BF-8074-69D9D1A5621B}.Release|x86.Build.0 = Release|Win32
		{18F0EAF3-B122-4C92-BF32-2F2AFF22D15F}.Debug|x64.ActiveCfg = Debug|x64
		{18F0EAF3-B122-4C92-BF32-2F2AFF22D15F}.Debug|x64.Build.0 = Debug|x64
		{18F0EAF3-B122-4C92-BF32-2F2AFF22D15F}.Debug|x86.ActiveCfg = Debug|Win32
		{18F0EAF3-B122-4C92-BF32-2F2AFF22D15F}.Debug|x86.Build.0 = Debug|Win32
		{18F0EAF3-B122-4C92-BF32-2F2AFF22D15F}.Release|x64.ActiveCfg = Release|x64
		{18F0EAF3-B122-4C92-BF32-2F2AFF22D15F}.Release|x64.Build.0 = Release|x64
		{18F0EAF3-B122-4C92-BF32-2F2AFF22D15F}.Release|x86.ActiveCfg = Release|Win32
		{18F0EAF3-B122-4C92-BF32-2F2AFF22D15F}.Release|x86.Build.0 = Release|Win32
		{AE5D1A0E-D332-4351-8110-E293464347F9}.Debug|x64.ActiveCfg = Debug|x64
		{AE5D1A0E-D332-4351-8110-E293464347F9}.Debug|x64.Build.0 = Debug|x64
		{AE5D1A0E-D332-4351-8110-E293464347F9}.Debug|x86.ActiveCfg = Debug|Win32
		{AE5D1A0E-D332-4351-8110-E293464347F9}.Debug|x86.Build.0 = Debug|Win32
		{AE5D1A0E-D332-4351-8110-E293464347F9}.Release|x64.ActiveCfg = Release|x64
		{AE5D1A0E-D332-4351-8110-E293464347F9}.Release|x64.Build.0 = Release|x64
		{AE5D1A0E-D332-4351-8110-E293464347F9}.Release|x86.ActiveCfg = Release|Win32
		{AE5D1A0E-D332-4351-8110-E293464347F9}.Release|x86.Build.0 = Release|Win32
		{AB388F04-FEFB-4455-BD57-F321B4AA9D15}.Debug|x64.ActiveCfg = Debug|x64
		{AB388F04-FEFB-4455-BD57-F321B4AA9D15}.Debug|x64.Build.0 = Debug|x64
		{AB388F04-FEFB-4455-BD57-F321B4AA9D15}.Debug|x86.ActiveCfg = Debug|Win32
		{AB388F04-FEFB-4455-BD57-F321B4AA9D15}.Debug|x86.Build.0 = Debug|Win32
		{AB388F04-FEFB-4455-BD57-F321B4AA9D15}.Release|x64.ActiveCfg = Release|x64
		{AB388F04-FEFB-4455-BD57-F321B4AA9D15}.Release|x64.Build.0 = Release|x64
		{AB388F04-FEFB-4455-BD57-F321B4AA9D15}.Release|x86.ActiveCfg = Release|Win32
		{AB388F04-FEFB-4455-BD57-F321B4AA9D15}.Release|x86.Build.0 = Release|Win32
		{9323AE76-0F7F-4F5B-8083-58AF4C672B30}.Debug|x64.ActiveCfg = Debug|x64
		{9323AE76-0F7F-4F5B-8083-58AF4C672B30}.Debug|x64.Build.0 = Debug|x64
		{9323AE76-0F7F-4F5B-8083-58AF4C672B30}.Debug|x86.ActiveCfg = Debug|Win32
		{9323AE76-0F7F-4F5B-8083-58AF4C672B30}.Debug|x86.Build.0 = Debug|Win32
		{9323AE76-0F7F-4F5B-8083-58AF4C672B30}.Release|x64.ActiveCfg = Release|x64
		{9323AE76-0F7F-4F5B-8083-58AF4C672B30}.Release|x64.Build.0 = Release|x64
		{9323AE76-0F7F-4F5B-8083-58AF4C672B30}.Release|x86.ActiveCfg = Release|Win32
		{9323AE76-0F7F-4F5B-8083-58AF4C672B30}.Release|x86.Build.0 = Release|Win32
		{4132E2CB-E3A6-4D31-BFF4-A1789F54C52A}.Debug|x64.ActiveCfg = Debug|x64
		{4132E2CB-E3A6-4D31-BFF4-A1789F54C52A}.Debug|x64.Build.0 = Debug|x64
		{4132E2CB-E3A6-4D31-BFF4-A1789F54C52A}.Debug|x86.ActiveCfg = Debug|Win32
		{4132E2CB-E3A6-4D31-BFF4-A1789F54C52A}.Debug|x86.Build.0 = Debug|Win32
		{4132E2CB-E3A6-4D31-BFF4-A1789F54C52A}.Release|x64.ActiveCfg = Release|x64
		{4132E2CB-E3A6-4D31-BFF4-A1789F54C52A}.Release|x64.Build.0 = Release|x64
		{4132E2CB-E3A6-4D31-BFF4-A1789F54C52A}.Release|x86.ActiveCfg = Release|Win32
		{4132E2CB-E3A6-4D31-BFF4-A1789F54C52A}.Release|x86.Build.0 = Release|Win32
		{58A149C3-97D9-4BF4-8957-C67E938C4DA1}.Debug|x64.ActiveCfg = Debug|x64
		{58A149C3-97D9-4BF4-8957-C67E938C4DA1}.Debug|x64.Build.0 = Debug|x64
		{58A149C3-97D9-4BF4-8957-C67E938C4DA1}.Debug|x86.ActiveCfg = Debug|Win32
		{58A149C3-97D9-4BF4-8957-C67E938C4DA1}.Debug|x86.Build.0 = Debug|Win32
		{58A149C3-97D9-4BF4-8957-C67E938C4DA1}.Release|x64.ActiveCfg = Release|x64
		{58A149C3-97D9-4BF4-8957-C67E938C4DA1}.Release|x64.Build.0 = Release|x64
		{58A149C3-97D9-4BF4-8957-C67E938C4DA1}.Release|x86.ActiveCfg = Release|Win32
		{58A149C3-97D9-4BF4-8957-C67E938C4DA1}.Release|x86.Build.0 = Release|Win32
		{D8086649-B35F-40FF-AD8C-869EEB67A70B}.Debug|x64.ActiveCfg = Debug|x64
		{D8086649-B35F-40FF-AD8C-869EEB67A70B}.Debug|x64.Build.0 = Debug|x64
		{D8086649-B35F-40FF-AD8C-869EEB67A70B}.Debug|x86.ActiveCfg = Debug|Win32
		{D8086649-B35F-40FF-AD8C-869EEB67A70B}.Debug|x86.Build.0 = Debug|Win32
		{D8086649-B35F-40FF-AD8C-869EEB67A70B}.Release|x64.ActiveCfg = Release|x64
		{D8086649-B35F-40FF-AD8C-869EEB67A70B}.Release|x64.Build.0 = Release|x64
		{D8086649-B35F-40FF-AD8C-869EEB67A70B}.Release|x86.ActiveCfg = Release|Win32
		{D8086649-B35F-40FF-AD8C-869EEB67A70B}.Release|x86.Build.0 = Release|Win32
		{7BBEB7B9-7A0C-4EE5-B260-78C0F8DED98F}.Debug|x64.ActiveCfg = Debug|x64
		{7BBEB7B9-7A0C-4EE5-B260-78C0F8DED98F}.Debug|x64.Build.0 = Debug|x64
		{7BBEB7B9-7A0C-4EE5-B260-78C0F8DED98F}.Debug|x86.ActiveCfg = Debug|Win32
		{7BBEB7B9-7A0C-4EE5-B260-78C0F8DED98F}.Debug|x86.Build.0 = Debug|Win32
		{7BBEB7B9-7A0C-4EE5-B260-78C0F8DED98F}.Release|x64.ActiveCfg = Release|x64
		{7BBEB7B9-7A0C-4EE5-B260-78C0F8DED98F}.Release|x64.Build.0 = Release|x64
		{7BBEB7B9-7A0C-4EE5-B260-78C0F8DED98F}.Release|x86.ActiveCfg = Release|Win32
		{7BBEB7B9-7A0C-4EE5-B260-78C0F8DED98F}.Release|x86.Build.0 = Release|Win32
		{35DF01A6-BF02-495C-AC45-A8BDEBD3DC35}.Debug|x64.ActiveCfg = Debug|x64
		{35DF01A6-BF02-495C-AC45-A8BDEBD3DC35}.Debug|x64.Build.0 = Debug|x64
		{35DF01A6-BF02-495C-AC45-A8BDEBD3DC35}.Debug|x86.ActiveCfg = Debug|Win32
		{35DF01A6-BF02-495C-AC45-A8BDEBD3DC35}.Debug|x86.Build.0 = Debug|Win32
		{35DF01A6-BF02-495C-AC45-A8BDEBD3DC35}.Release|x64.ActiveCfg = Release|x64
		{35DF01A6-BF02-495C-AC45-A8BDEBD3DC35}.Release|x64.Build.0 = Release|x64
		{35DF01A6-BF02-495C-AC45-A8BDEBD3DC35}.Release|x86.ActiveCfg = Release|Win32
		{35DF01A6-BF02-495C-AC45-A8BDEBD3DC35}.Release|x86.Build.0 = Release|Win32
	EndGlobalSection
	GlobalSection(SolutionProperties) = preSolution
		HideSolutionNode = FALSE
	EndGlobalSection
	GlobalSection(NestedProjects) = preSolution
		{AC7D1FE0-3E8F-4064-86AF-081795EA670E} = {C23D73A1-13AD-450B-A4B4-351255D0D38F}
		{13831E5B-23BC-45C3-8EF1-6541328A1C38} = {24D62CE6-08ED-44B8-981E-A802421D376B}
		{344DF09A-A0AF-40BF-8074-69D9D1A5621B} = {C23D73A1-13AD-450B-A4B4-351255D0D38F}
		{AE5D1A0E-D332-4351-8110-E293464347F9} = {C23D73A1-13AD-450B-A4B4-351255D0D38F}
		{AB388F04-FEFB-4455-BD57-F321B4AA9D15} = {485AD589-DC35-4A80-8714-57D28E3A7D81}
		{9323AE76-0F7F-4F5B-8083-58AF4C672B30} = {49E65FBF-1D81-4EB6-96AA-97DC14713614}
		{58A149C3-97D9-4BF4-8957-C67E938C4DA1} = {7F6ACBAC-C623-4449-8476-6AF1D5059F69}
		{D8086649-B35F-40FF-AD8C-869EEB67A70B} = {24D62CE6-08ED-44B8-981E-A802421D376B}
		{7BBEB7B9-7A0C-4EE5-B260-78C0F8DED98F} = {C23D73A1-13AD-450B-A4B4-351255D0D38F}
	EndGlobalSection
	GlobalSection(ExtensibilityGlobals) = postSolution
		SolutionGuid = {08CB3B65-0AA8-4937-AFCE-AED55345DFEA}
	EndGlobalSection
EndGlobal
