
Microsoft Visual Studio Solution File, Format Version 12.00
# Visual Studio 15
VisualStudioVersion = 15.0.28307.329
MinimumVisualStudioVersion = 10.0.40219.1
Project("{8BC9CEB8-8B4A-11D0-8D11-00A0C91BC942}") = "RZCore", "RZCore\RZCore.vcxproj", "{5188C54D-2339-403A-9B13-9932A9DEF003}"
EndProject
Project("{8BC9CEB8-8B4A-11D0-8D11-00A0C91BC942}") = "RZDirectXAPI", "RZDirectXAPI\RZDirectXAPI.vcxproj", "{13831E5B-23BC-45C3-8EF1-6541328A1C38}"
EndProject
Project("{8BC9CEB8-8B4A-11D0-8D11-00A0C91BC942}") = "RZEngine", "RZEngine\RZEngine.vcxproj", "{18F0EAF3-B122-4C92-BF32-2F2AFF22D15F}"
EndProject
Project("{8BC9CEB8-8B4A-11D0-8D11-00A0C91BC942}") = "RZEngine-UnitTest", "RZEngine-UnitTest\RZEngine-UnitTest.vcxproj", "{AE5D1A0E-D332-4351-8110-E293464347F9}"
	ProjectSection(ProjectDependencies) = postProject
		{AB388F04-FEFB-4455-BD57-F321B4AA9D15} = {AB388F04-FEFB-4455-BD57-F321B4AA9D15}
		{5188C54D-2339-403A-9B13-9932A9DEF003} = {5188C54D-2339-403A-9B13-9932A9DEF003}
		{13831E5B-23BC-45C3-8EF1-6541328A1C38} = {13831E5B-23BC-45C3-8EF1-6541328A1C38}
		{9323AE76-0F7F-4F5B-8083-58AF4C672B30} = {9323AE76-0F7F-4F5B-8083-58AF4C672B30}
		{55735495-7D6E-4418-B0CB-FD761AEBCC36} = {55735495-7D6E-4418-B0CB-FD761AEBCC36}
		{35DF01A6-BF02-495C-AC45-A8BDEBD3DC35} = {35DF01A6-BF02-495C-AC45-A8BDEBD3DC35}
		{58A149C3-97D9-4BF4-8957-C67E938C4DA1} = {58A149C3-97D9-4BF4-8957-C67E938C4DA1}
		{4132E2CB-E3A6-4D31-BFF4-A1789F54C52A} = {4132E2CB-E3A6-4D31-BFF4-A1789F54C52A}
		{18F0EAF3-B122-4C92-BF32-2F2AFF22D15F} = {18F0EAF3-B122-4C92-BF32-2F2AFF22D15F}
	EndProjectSection
EndProject
Project("{8BC9CEB8-8B4A-11D0-8D11-00A0C91BC942}") = "RZCore_UnitTest", "RZCore-UnitTest\RZCore-UnitTest.vcxproj", "{AC7D1FE0-3E8F-4064-86AF-081795EA670E}"
EndProject
Project("{8BC9CEB8-8B4A-11D0-8D11-00A0C91BC942}") = "RZDirectInput", "RZDirectInput\RZDirectInput.vcxproj", "{AB388F04-FEFB-4455-BD57-F321B4AA9D15}"
EndProject
Project("{2150E333-8FDC-42A3-9474-1A3956D46DE8}") = "GraphicApi", "GraphicApi", "{24D62CE6-08ED-44B8-981E-A802421D376B}"
EndProject
Project("{2150E333-8FDC-42A3-9474-1A3956D46DE8}") = "InputApi", "InputApi", "{485AD589-DC35-4A80-8714-57D28E3A7D81}"
EndProject
Project("{2150E333-8FDC-42A3-9474-1A3956D46DE8}") = "SoundApi", "SoundApi", "{49E65FBF-1D81-4EB6-96AA-97DC14713614}"
EndProject
Project("{8BC9CEB8-8B4A-11D0-8D11-00A0C91BC942}") = "RZfmodSound", "RZfmodSound\RZfmodSound.vcxproj", "{9323AE76-0F7F-4F5B-8083-58AF4C672B30}"
EndProject
Project("{8BC9CEB8-8B4A-11D0-8D11-00A0C91BC942}") = "RZRenderer", "RZRenderer\RZRenderer.vcxproj", "{4132E2CB-E3A6-4D31-BFF4-A1789F54C52A}"
EndProject
Project("{2150E333-8FDC-42A3-9474-1A3956D46DE8}") = "ComputeAPI", "ComputeAPI", "{7F6ACBAC-C623-4449-8476-6AF1D5059F69}"
EndProject
Project("{8BC9CEB8-8B4A-11D0-8D11-00A0C91BC942}") = "RZComputeAPI", "RZComputeAPI\RZComputeAPI.vcxproj", "{58A149C3-97D9-4BF4-8957-C67E938C4DA1}"
EndProject
Project("{8BC9CEB8-8B4A-11D0-8D11-00A0C91BC942}") = "RZVulkanAPI", "RZVulkanAPI\RZVulkanAPI.vcxproj", "{D8086649-B35F-40FF-AD8C-869EEB67A70B}"
EndProject
Project("{8BC9CEB8-8B4A-11D0-8D11-00A0C91BC942}") = "RZVulkanAPI-UnitTest", "RZVulkanAPI-UnitTest\RZVulkanAPI-UnitTest.vcxproj", "{7BBEB7B9-7A0C-4EE5-B260-78C0F8DED98F}"
EndProject
Project("{8BC9CEB8-8B4A-11D0-8D11-00A0C91BC942}") = "RZEditor", "RZEditor\RZEditor.vcxproj", "{35DF01A6-BF02-495C-AC45-A8BDEBD3DC35}"
EndProject
Project("{8BC9CEB8-8B4A-11D0-8D11-00A0C91BC942}") = "CbnUtilities", "CbnUtilities\CbnUtilities.vcxproj", "{55735495-7D6E-4418-B0CB-FD761AEBCC36}"
EndProject
Project("{8BC9CEB8-8B4A-11D0-8D11-00A0C91BC942}") = "CbnUtilities_UnitTest", "CbnUtilities_UnitTest\CbnUtilities_UnitTest.vcxproj", "{344DF09A-A0AF-40BF-8074-69D9D1A5621B}"
	ProjectSection(ProjectDependencies) = postProject
		{55735495-7D6E-4418-B0CB-FD761AEBCC36} = {55735495-7D6E-4418-B0CB-FD761AEBCC36}
	EndProjectSection
EndProject
Project("{2150E333-8FDC-42A3-9474-1A3956D46DE8}") = "Utilities", "Utilities", "{BD76546A-A087-4B21-B7F0-2C42653D36A9}"
EndProject
Project("{2150E333-8FDC-42A3-9474-1A3956D46DE8}") = "Core", "Core", "{09940AD4-BC18-4EA5-BC06-1938212DE7E5}"
EndProject
Project("{2150E333-8FDC-42A3-9474-1A3956D46DE8}") = "APIs", "APIs", "{A2969A3F-9835-4CEA-88E3-9DE01F1F1B1D}"
EndProject
Project("{2150E333-8FDC-42A3-9474-1A3956D46DE8}") = "Engine", "Engine", "{BCF92123-86CD-4D17-9ADF-D5D7FCE4DB5E}"
EndProject
Project("{2150E333-8FDC-42A3-9474-1A3956D46DE8}") = "Renderer", "Renderer", "{BD5F6A57-1684-452F-B948-59DF0AB9F575}"
EndProject
Project("{2150E333-8FDC-42A3-9474-1A3956D46DE8}") = "Editor", "Editor", "{39A3BDF1-1818-4889-AFE5-F4E4478A8AE1}"
EndProject
Project("{2150E333-8FDC-42A3-9474-1A3956D46DE8}") = "Vulkan", "Vulkan", "{270E3B1E-7F4D-411B-9603-26CA19645172}"
EndProject
Project("{2150E333-8FDC-42A3-9474-1A3956D46DE8}") = "DirectX11", "DirectX11", "{49C78F0A-59D1-4ADA-B032-02C6D0DA6345}"
EndProject
Global
	GlobalSection(SolutionConfigurationPlatforms) = preSolution
		Debug|x64 = Debug|x64
		Debug|x86 = Debug|x86
		Release|x64 = Release|x64
		Release|x86 = Release|x86
	EndGlobalSection
	GlobalSection(ProjectConfigurationPlatforms) = postSolution
		{5188C54D-2339-403A-9B13-9932A9DEF003}.Debug|x64.ActiveCfg = Debug|x64
		{5188C54D-2339-403A-9B13-9932A9DEF003}.Debug|x64.Build.0 = Debug|x64
		{5188C54D-2339-403A-9B13-9932A9DEF003}.Debug|x86.ActiveCfg = Debug|Win32
		{5188C54D-2339-403A-9B13-9932A9DEF003}.Debug|x86.Build.0 = Debug|Win32
		{5188C54D-2339-403A-9B13-9932A9DEF003}.Release|x64.ActiveCfg = Release|x64
		{5188C54D-2339-403A-9B13-9932A9DEF003}.Release|x64.Build.0 = Release|x64
		{5188C54D-2339-403A-9B13-9932A9DEF003}.Release|x86.ActiveCfg = Release|Win32
		{5188C54D-2339-403A-9B13-9932A9DEF003}.Release|x86.Build.0 = Release|Win32
		{AC7D1FE0-3E8F-4064-86AF-081795EA670E}.Debug|x64.ActiveCfg = Debug|x64
		{AC7D1FE0-3E8F-4064-86AF-081795EA670E}.Debug|x64.Build.0 = Debug|x64
		{AC7D1FE0-3E8F-4064-86AF-081795EA670E}.Debug|x86.ActiveCfg = Debug|Win32
		{AC7D1FE0-3E8F-4064-86AF-081795EA670E}.Debug|x86.Build.0 = Debug|Win32
		{AC7D1FE0-3E8F-4064-86AF-081795EA670E}.Release|x64.ActiveCfg = Release|x64
		{AC7D1FE0-3E8F-4064-86AF-081795EA670E}.Release|x64.Build.0 = Release|x64
		{AC7D1FE0-3E8F-4064-86AF-081795EA670E}.Release|x64.Deploy.0 = Release|x64
		{AC7D1FE0-3E8F-4064-86AF-081795EA670E}.Release|x86.ActiveCfg = Release|Win32
		{AC7D1FE0-3E8F-4064-86AF-081795EA670E}.Release|x86.Build.0 = Release|Win32
		{13831E5B-23BC-45C3-8EF1-6541328A1C38}.Debug|x64.ActiveCfg = Debug|x64
		{13831E5B-23BC-45C3-8EF1-6541328A1C38}.Debug|x64.Build.0 = Debug|x64
		{13831E5B-23BC-45C3-8EF1-6541328A1C38}.Debug|x86.ActiveCfg = Debug|Win32
		{13831E5B-23BC-45C3-8EF1-6541328A1C38}.Debug|x86.Build.0 = Debug|Win32
		{13831E5B-23BC-45C3-8EF1-6541328A1C38}.Release|x64.ActiveCfg = Release|x64
		{13831E5B-23BC-45C3-8EF1-6541328A1C38}.Release|x64.Build.0 = Release|x64
		{13831E5B-23BC-45C3-8EF1-6541328A1C38}.Release|x64.Deploy.0 = Release|x64
		{13831E5B-23BC-45C3-8EF1-6541328A1C38}.Release|x86.ActiveCfg = Release|Win32
		{13831E5B-23BC-45C3-8EF1-6541328A1C38}.Release|x86.Build.0 = Release|Win32
		{18F0EAF3-B122-4C92-BF32-2F2AFF22D15F}.Debug|x64.ActiveCfg = Debug|x64
		{18F0EAF3-B122-4C92-BF32-2F2AFF22D15F}.Debug|x64.Build.0 = Debug|x64
		{18F0EAF3-B122-4C92-BF32-2F2AFF22D15F}.Debug|x86.ActiveCfg = Debug|Win32
		{18F0EAF3-B122-4C92-BF32-2F2AFF22D15F}.Debug|x86.Build.0 = Debug|Win32
		{18F0EAF3-B122-4C92-BF32-2F2AFF22D15F}.Release|x64.ActiveCfg = Release|x64
		{18F0EAF3-B122-4C92-BF32-2F2AFF22D15F}.Release|x64.Build.0 = Release|x64
		{18F0EAF3-B122-4C92-BF32-2F2AFF22D15F}.Release|x86.ActiveCfg = Release|Win32
		{18F0EAF3-B122-4C92-BF32-2F2AFF22D15F}.Release|x86.Build.0 = Release|Win32
		{AE5D1A0E-D332-4351-8110-E293464347F9}.Debug|x64.ActiveCfg = Debug|x64
		{AE5D1A0E-D332-4351-8110-E293464347F9}.Debug|x64.Build.0 = Debug|x64
		{AE5D1A0E-D332-4351-8110-E293464347F9}.Debug|x86.ActiveCfg = Debug|Win32
		{AE5D1A0E-D332-4351-8110-E293464347F9}.Debug|x86.Build.0 = Debug|Win32
		{AE5D1A0E-D332-4351-8110-E293464347F9}.Release|x64.ActiveCfg = Release|x64
		{AE5D1A0E-D332-4351-8110-E293464347F9}.Release|x64.Build.0 = Release|x64
		{AE5D1A0E-D332-4351-8110-E293464347F9}.Release|x86.ActiveCfg = Release|Win32
		{AE5D1A0E-D332-4351-8110-E293464347F9}.Release|x86.Build.0 = Release|Win32
		{AB388F04-FEFB-4455-BD57-F321B4AA9D15}.Debug|x64.ActiveCfg = Debug|x64
		{AB388F04-FEFB-4455-BD57-F321B4AA9D15}.Debug|x64.Build.0 = Debug|x64
		{AB388F04-FEFB-4455-BD57-F321B4AA9D15}.Debug|x86.ActiveCfg = Debug|Win32
		{AB388F04-FEFB-4455-BD57-F321B4AA9D15}.Debug|x86.Build.0 = Debug|Win32
		{AB388F04-FEFB-4455-BD57-F321B4AA9D15}.Release|x64.ActiveCfg = Release|x64
		{AB388F04-FEFB-4455-BD57-F321B4AA9D15}.Release|x64.Build.0 = Release|x64
		{AB388F04-FEFB-4455-BD57-F321B4AA9D15}.Release|x86.ActiveCfg = Release|Win32
		{AB388F04-FEFB-4455-BD57-F321B4AA9D15}.Release|x86.Build.0 = Release|Win32
		{9323AE76-0F7F-4F5B-8083-58AF4C672B30}.Debug|x64.ActiveCfg = Debug|x64
		{9323AE76-0F7F-4F5B-8083-58AF4C672B30}.Debug|x64.Build.0 = Debug|x64
		{9323AE76-0F7F-4F5B-8083-58AF4C672B30}.Debug|x86.ActiveCfg = Debug|Win32
		{9323AE76-0F7F-4F5B-8083-58AF4C672B30}.Debug|x86.Build.0 = Debug|Win32
		{9323AE76-0F7F-4F5B-8083-58AF4C672B30}.Release|x64.ActiveCfg = Release|x64
		{9323AE76-0F7F-4F5B-8083-58AF4C672B30}.Release|x64.Build.0 = Release|x64
		{9323AE76-0F7F-4F5B-8083-58AF4C672B30}.Release|x86.ActiveCfg = Release|Win32
		{9323AE76-0F7F-4F5B-8083-58AF4C672B30}.Release|x86.Build.0 = Release|Win32
		{4132E2CB-E3A6-4D31-BFF4-A1789F54C52A}.Debug|x64.ActiveCfg = Debug|x64
		{4132E2CB-E3A6-4D31-BFF4-A1789F54C52A}.Debug|x64.Build.0 = Debug|x64
		{4132E2CB-E3A6-4D31-BFF4-A1789F54C52A}.Debug|x86.ActiveCfg = Debug|Win32
		{4132E2CB-E3A6-4D31-BFF4-A1789F54C52A}.Debug|x86.Build.0 = Debug|Win32
		{4132E2CB-E3A6-4D31-BFF4-A1789F54C52A}.Release|x64.ActiveCfg = Release|x64
		{4132E2CB-E3A6-4D31-BFF4-A1789F54C52A}.Release|x64.Build.0 = Release|x64
		{4132E2CB-E3A6-4D31-BFF4-A1789F54C52A}.Release|x86.ActiveCfg = Release|Win32
		{4132E2CB-E3A6-4D31-BFF4-A1789F54C52A}.Release|x86.Build.0 = Release|Win32
		{58A149C3-97D9-4BF4-8957-C67E938C4DA1}.Debug|x64.ActiveCfg = Debug|x64
		{58A149C3-97D9-4BF4-8957-C67E938C4DA1}.Debug|x64.Build.0 = Debug|x64
		{58A149C3-97D9-4BF4-8957-C67E938C4DA1}.Debug|x86.ActiveCfg = Debug|Win32
		{58A149C3-97D9-4BF4-8957-C67E938C4DA1}.Debug|x86.Build.0 = Debug|Win32
		{58A149C3-97D9-4BF4-8957-C67E938C4DA1}.Release|x64.ActiveCfg = Release|x64
		{58A149C3-97D9-4BF4-8957-C67E938C4DA1}.Release|x64.Build.0 = Release|x64
		{58A149C3-97D9-4BF4-8957-C67E938C4DA1}.Release|x86.ActiveCfg = Release|Win32
		{58A149C3-97D9-4BF4-8957-C67E938C4DA1}.Release|x86.Build.0 = Release|Win32
		{D8086649-B35F-40FF-AD8C-869EEB67A70B}.Debug|x64.ActiveCfg = Debug|x64
		{D8086649-B35F-40FF-AD8C-869EEB67A70B}.Debug|x64.Build.0 = Debug|x64
		{D8086649-B35F-40FF-AD8C-869EEB67A70B}.Debug|x86.ActiveCfg = Debug|Win32
		{D8086649-B35F-40FF-AD8C-869EEB67A70B}.Debug|x86.Build.0 = Debug|Win32
		{D8086649-B35F-40FF-AD8C-869EEB67A70B}.Release|x64.ActiveCfg = Release|x64
		{D8086649-B35F-40FF-AD8C-869EEB67A70B}.Release|x64.Build.0 = Release|x64
		{D8086649-B35F-40FF-AD8C-869EEB67A70B}.Release|x86.ActiveCfg = Release|Win32
		{D8086649-B35F-40FF-AD8C-869EEB67A70B}.Release|x86.Build.0 = Release|Win32
		{7BBEB7B9-7A0C-4EE5-B260-78C0F8DED98F}.Debug|x64.ActiveCfg = Debug|x64
		{7BBEB7B9-7A0C-4EE5-B260-78C0F8DED98F}.Debug|x64.Build.0 = Debug|x64
		{7BBEB7B9-7A0C-4EE5-B260-78C0F8DED98F}.Debug|x86.ActiveCfg = Debug|Win32
		{7BBEB7B9-7A0C-4EE5-B260-78C0F8DED98F}.Debug|x86.Build.0 = Debug|Win32
		{7BBEB7B9-7A0C-4EE5-B260-78C0F8DED98F}.Release|x64.ActiveCfg = Release|x64
		{7BBEB7B9-7A0C-4EE5-B260-78C0F8DED98F}.Release|x64.Build.0 = Release|x64
		{7BBEB7B9-7A0C-4EE5-B260-78C0F8DED98F}.Release|x86.ActiveCfg = Release|Win32
		{7BBEB7B9-7A0C-4EE5-B260-78C0F8DED98F}.Release|x86.Build.0 = Release|Win32
		{35DF01A6-BF02-495C-AC45-A8BDEBD3DC35}.Debug|x64.ActiveCfg = Debug|x64
		{35DF01A6-BF02-495C-AC45-A8BDEBD3DC35}.Debug|x64.Build.0 = Debug|x64
		{35DF01A6-BF02-495C-AC45-A8BDEBD3DC35}.Debug|x86.ActiveCfg = Debug|Win32
		{35DF01A6-BF02-495C-AC45-A8BDEBD3DC35}.Debug|x86.Build.0 = Debug|Win32
		{35DF01A6-BF02-495C-AC45-A8BDEBD3DC35}.Release|x64.ActiveCfg = Release|x64
		{35DF01A6-BF02-495C-AC45-A8BDEBD3DC35}.Release|x64.Build.0 = Release|x64
		{35DF01A6-BF02-495C-AC45-A8BDEBD3DC35}.Release|x86.ActiveCfg = Release|Win32
		{35DF01A6-BF02-495C-AC45-A8BDEBD3DC35}.Release|x86.Build.0 = Release|Win32
		{55735495-7D6E-4418-B0CB-FD761AEBCC36}.Debug|x64.ActiveCfg = Debug|x64
		{55735495-7D6E-4418-B0CB-FD761AEBCC36}.Debug|x64.Build.0 = Debug|x64
		{55735495-7D6E-4418-B0CB-FD761AEBCC36}.Debug|x86.ActiveCfg = Debug|Win32
		{55735495-7D6E-4418-B0CB-FD761AEBCC36}.Debug|x86.Build.0 = Debug|Win32
		{55735495-7D6E-4418-B0CB-FD761AEBCC36}.Release|x64.ActiveCfg = Release|x64
		{55735495-7D6E-4418-B0CB-FD761AEBCC36}.Release|x64.Build.0 = Release|x64
		{55735495-7D6E-4418-B0CB-FD761AEBCC36}.Release|x86.ActiveCfg = Release|Win32
		{55735495-7D6E-4418-B0CB-FD761AEBCC36}.Release|x86.Build.0 = Release|Win32
		{344DF09A-A0AF-40BF-8074-69D9D1A5621B}.Debug|x64.ActiveCfg = Debug|x64
		{344DF09A-A0AF-40BF-8074-69D9D1A5621B}.Debug|x64.Build.0 = Debug|x64
		{344DF09A-A0AF-40BF-8074-69D9D1A5621B}.Debug|x86.ActiveCfg = Debug|Win32
		{344DF09A-A0AF-40BF-8074-69D9D1A5621B}.Debug|x86.Build.0 = Debug|Win32
		{344DF09A-A0AF-40BF-8074-69D9D1A5621B}.Release|x64.ActiveCfg = Release|x64
		{344DF09A-A0AF-40BF-8074-69D9D1A5621B}.Release|x64.Build.0 = Release|x64
		{344DF09A-A0AF-40BF-8074-69D9D1A5621B}.Release|x86.ActiveCfg = Release|Win32
		{344DF09A-A0AF-40BF-8074-69D9D1A5621B}.Release|x86.Build.0 = Release|Win32
	EndGlobalSection
	GlobalSection(SolutionProperties) = preSolution
		HideSolutionNode = FALSE
	EndGlobalSection
	GlobalSection(NestedProjects) = preSolution
		{5188C54D-2339-403A-9B13-9932A9DEF003} = {09940AD4-BC18-4EA5-BC06-1938212DE7E5}
		{AC7D1FE0-3E8F-4064-86AF-081795EA670E} = {09940AD4-BC18-4EA5-BC06-1938212DE7E5}
		{13831E5B-23BC-45C3-8EF1-6541328A1C38} = {49C78F0A-59D1-4ADA-B032-02C6D0DA6345}
		{18F0EAF3-B122-4C92-BF32-2F2AFF22D15F} = {BCF92123-86CD-4D17-9ADF-D5D7FCE4DB5E}
		{AE5D1A0E-D332-4351-8110-E293464347F9} = {BCF92123-86CD-4D17-9ADF-D5D7FCE4DB5E}
		{AB388F04-FEFB-4455-BD57-F321B4AA9D15} = {485AD589-DC35-4A80-8714-57D28E3A7D81}
		{24D62CE6-08ED-44B8-981E-A802421D376B} = {A2969A3F-9835-4CEA-88E3-9DE01F1F1B1D}
		{485AD589-DC35-4A80-8714-57D28E3A7D81} = {A2969A3F-9835-4CEA-88E3-9DE01F1F1B1D}
		{49E65FBF-1D81-4EB6-96AA-97DC14713614} = {A2969A3F-9835-4CEA-88E3-9DE01F1F1B1D}
		{9323AE76-0F7F-4F5B-8083-58AF4C672B30} = {49E65FBF-1D81-4EB6-96AA-97DC14713614}
		{4132E2CB-E3A6-4D31-BFF4-A1789F54C52A} = {BD5F6A57-1684-452F-B948-59DF0AB9F575}
		{7F6ACBAC-C623-4449-8476-6AF1D5059F69} = {A2969A3F-9835-4CEA-88E3-9DE01F1F1B1D}
		{58A149C3-97D9-4BF4-8957-C67E938C4DA1} = {7F6ACBAC-C623-4449-8476-6AF1D5059F69}
		{D8086649-B35F-40FF-AD8C-869EEB67A70B} = {270E3B1E-7F4D-411B-9603-26CA19645172}
		{7BBEB7B9-7A0C-4EE5-B260-78C0F8DED98F} = {270E3B1E-7F4D-411B-9603-26CA19645172}
		{35DF01A6-BF02-495C-AC45-A8BDEBD3DC35} = {39A3BDF1-1818-4889-AFE5-F4E4478A8AE1}
		{55735495-7D6E-4418-B0CB-FD761AEBCC36} = {BD76546A-A087-4B21-B7F0-2C42653D36A9}
		{344DF09A-A0AF-40BF-8074-69D9D1A5621B} = {BD76546A-A087-4B21-B7F0-2C42653D36A9}
		{270E3B1E-7F4D-411B-9603-26CA19645172} = {24D62CE6-08ED-44B8-981E-A802421D376B}
		{49C78F0A-59D1-4ADA-B032-02C6D0DA6345} = {24D62CE6-08ED-44B8-981E-A802421D376B}
	EndGlobalSection
	GlobalSection(ExtensibilityGlobals) = postSolution
		SolutionGuid = {08CB3B65-0AA8-4937-AFCE-AED55345DFEA}
	EndGlobalSection
EndGlobal
