<?xml version="1.0" encoding="utf-8"?>
<Project ToolsVersion="4.0" xmlns="http://schemas.microsoft.com/developer/msbuild/2003">
  <ItemGroup>
    <Filter Include="Archivos de código fuente">
      <UniqueIdentifier>{4FC737F1-C7A5-4376-A066-2A32D752A2FF}</UniqueIdentifier>
      <Extensions>cpp;c;cc;cxx;def;odl;idl;hpj;bat;asm;asmx</Extensions>
    </Filter>
    <Filter Include="Archivos de encabezado">
      <UniqueIdentifier>{93995380-89BD-4b04-88EB-625FBE52EBFB}</UniqueIdentifier>
      <Extensions>h;hh;hpp;hxx;hm;inl;inc;xsd</Extensions>
    </Filter>
    <Filter Include="Archivos de encabezado\UI">
      <UniqueIdentifier>{ab53e037-0f37-4491-88ec-5e39c27577d8}</UniqueIdentifier>
    </Filter>
    <Filter Include="Archivos de encabezado\Project">
      <UniqueIdentifier>{578a4f61-6f62-4297-b91e-1c9b1b7ad43b}</UniqueIdentifier>
    </Filter>
    <Filter Include="Archivos de encabezado\UI\Windows">
      <UniqueIdentifier>{9bf6b5c3-d99f-435c-a39b-5841a2f84528}</UniqueIdentifier>
    </Filter>
    <Filter Include="Archivos de código fuente\UI">
      <UniqueIdentifier>{5f4d54b6-1c13-4ca1-84ad-b31596da6358}</UniqueIdentifier>
    </Filter>
    <Filter Include="Archivos de código fuente\UI\Windows">
      <UniqueIdentifier>{adc4a02b-9508-4e1a-bb2b-93bf6a35b271}</UniqueIdentifier>
    </Filter>
  </ItemGroup>
  <ItemGroup>
    <ClInclude Include="include\RZEditorPCH.h" />
    <ClInclude Include="include\RZEditorCore.h">
      <Filter>Archivos de encabezado</Filter>
    </ClInclude>
    <ClInclude Include="include\CbnBaseWindow.h">
      <Filter>Archivos de encabezado\UI\Windows</Filter>
    </ClInclude>
    <ClInclude Include="include\CbnPipelineWindow.h">
      <Filter>Archivos de encabezado\UI\Windows</Filter>
    </ClInclude>
    <ClInclude Include="include\CbnScenesWindow.h">
      <Filter>Archivos de encabezado\UI\Windows</Filter>
    </ClInclude>
    <ClInclude Include="include\CbnGameObjectWindow.h">
      <Filter>Archivos de encabezado\UI\Windows</Filter>
    </ClInclude>
    <ClInclude Include="include\CbnConsoleWindow.h">
      <Filter>Archivos de encabezado\UI\Windows</Filter>
    </ClInclude>
    <ClInclude Include="include\CbnResourceListWindow.h">
      <Filter>Archivos de encabezado\UI\Windows</Filter>
    </ClInclude>
    <ClInclude Include="include\CbnResourceWindow.h">
      <Filter>Archivos de encabezado\UI\Windows</Filter>
    </ClInclude>
  </ItemGroup>
  <ItemGroup>
    <ClCompile Include="src\RZEditorPCH.cpp">
      <Filter>Archivos de código fuente</Filter>
    </ClCompile>
    <ClCompile Include="src\RZEditorCore.cpp">
      <Filter>Archivos de código fuente</Filter>
    </ClCompile>
    <ClCompile Include="src\CbnBaseWindow.cpp">
      <Filter>Archivos de código fuente\UI\Windows</Filter>
    </ClCompile>
    <ClCompile Include="include\CbnPipelineWindow.cpp">
      <Filter>Archivos de código fuente\UI\Windows</Filter>
    </ClCompile>
    <ClCompile Include="src\CbnScenesWindow.cpp">
      <Filter>Archivos de código fuente\UI\Windows</Filter>
    </ClCompile>
    <ClCompile Include="src\CbnGameObjectWindow.cpp">
      <Filter>Archivos de código fuente\UI\Windows</Filter>
    </ClCompile>
    <ClCompile Include="src\CbnConsoleWindow.cpp">
      <Filter>Archivos de código fuente\UI\Windows</Filter>
    </ClCompile>
    <ClCompile Include="src\CbnResourceListWindow.cpp">
      <Filter>Archivos de código fuente\UI\Windows</Filter>
    </ClCompile>
    <ClCompile Include="src\CbnResourceWindow.cpp">
      <Filter>Archivos de código fuente\UI\Windows</Filter>
    </ClCompile>
  </ItemGroup>
</Project>